
Microsoft Visual Studio Solution File, Format Version 12.00
Project("{FAE04EC0-301F-11D3-BF4B-00C04F79EFBC}") = "ImageTagger.Core", "ImageTagger.Core\ImageTagger.Core.csproj", "{BE63F2C9-EE5F-4778-81B6-C08E5F3A6338}"
EndProject
Project("{FAE04EC0-301F-11D3-BF4B-00C04F79EFBC}") = "ImageTagger.Examples", "ImageTagger.Examples\ImageTagger.Examples.csproj", "{D75E5EBF-C1AC-438B-96C9-115833D46CE1}"
EndProject
Project("{FAE04EC0-301F-11D3-BF4B-00C04F79EFBC}") = "ImageTagger.UI", "ImageTagger.UI\ImageTagger.UI.csproj", "{2F571731-49D1-4E3B-848D-60F5BA5EEB89}"
EndProject
Project("{FAE04EC0-301F-11D3-BF4B-00C04F79EFBC}") = "ImageTagger.Core.Tests", "ImageTagger.Core.Tests\ImageTagger.Core.Tests.csproj", "{8C273F79-0D81-4A84-AC93-EB13AED5DACB}"
EndProject
Global
	GlobalSection(SolutionConfigurationPlatforms) = preSolution
		Debug|Any CPU = Debug|Any CPU
		Release|Any CPU = Release|Any CPU
	EndGlobalSection
	GlobalSection(ProjectConfigurationPlatforms) = postSolution
		{BE63F2C9-EE5F-4778-81B6-C08E5F3A6338}.Debug|Any CPU.ActiveCfg = Debug|Any CPU
		{BE63F2C9-EE5F-4778-81B6-C08E5F3A6338}.Debug|Any CPU.Build.0 = Debug|Any CPU
		{BE63F2C9-EE5F-4778-81B6-C08E5F3A6338}.Release|Any CPU.ActiveCfg = Release|Any CPU
		{BE63F2C9-EE5F-4778-81B6-C08E5F3A6338}.Release|Any CPU.Build.0 = Release|Any CPU
		{D75E5EBF-C1AC-438B-96C9-115833D46CE1}.Debug|Any CPU.ActiveCfg = Debug|Any CPU
		{D75E5EBF-C1AC-438B-96C9-115833D46CE1}.Debug|Any CPU.Build.0 = Debug|Any CPU
		{D75E5EBF-C1AC-438B-96C9-115833D46CE1}.Release|Any CPU.ActiveCfg = Release|Any CPU
		{D75E5EBF-C1AC-438B-96C9-115833D46CE1}.Release|Any CPU.Build.0 = Release|Any CPU
		{2F571731-49D1-4E3B-848D-60F5BA5EEB89}.Debug|Any CPU.ActiveCfg = Debug|Any CPU
		{2F571731-49D1-4E3B-848D-60F5BA5EEB89}.Debug|Any CPU.Build.0 = Debug|Any CPU
		{2F571731-49D1-4E3B-848D-60F5BA5EEB89}.Release|Any CPU.ActiveCfg = Release|Any CPU
		{2F571731-49D1-4E3B-848D-60F5BA5EEB89}.Release|Any CPU.Build.0 = Release|Any CPU
		{8C273F79-0D81-4A84-AC93-EB13AED5DACB}.Debug|Any CPU.ActiveCfg = Debug|Any CPU
		{8C273F79-0D81-4A84-AC93-EB13AED5DACB}.Debug|Any CPU.Build.0 = Debug|Any CPU
		{8C273F79-0D81-4A84-AC93-EB13AED5DACB}.Release|Any CPU.ActiveCfg = Release|Any CPU
		{8C273F79-0D81-4A84-AC93-EB13AED5DACB}.Release|Any CPU.Build.0 = Release|Any CPU
	EndGlobalSection
EndGlobal
