
Microsoft Visual Studio Solution File, Format Version 12.00
Project("{FAE04EC0-301F-11D3-BF4B-00C04F79EFBC}") = "ImageTagger.Core", "ImageTagger.Core\ImageTagger.Core.csproj", "{BE63F2C9-EE5F-4778-81B6-C08E5F3A6338}"
EndProject
Global
	GlobalSection(SolutionConfigurationPlatforms) = preSolution
		Debug|Any CPU = Debug|Any CPU
		Release|Any CPU = Release|Any CPU
	EndGlobalSection
	GlobalSection(ProjectConfigurationPlatforms) = postSolution
		{BE63F2C9-EE5F-4778-81B6-C08E5F3A6338}.Debug|Any CPU.ActiveCfg = Debug|Any CPU
		{BE63F2C9-EE5F-4778-81B6-C08E5F3A6338}.Debug|Any CPU.Build.0 = Debug|Any CPU
		{BE63F2C9-EE5F-4778-81B6-C08E5F3A6338}.Release|Any CPU.ActiveCfg = Release|Any CPU
		{BE63F2C9-EE5F-4778-81B6-C08E5F3A6338}.Release|Any CPU.Build.0 = Release|Any CPU
	EndGlobalSection
EndGlobal
